<?xml version="1.0" encoding="utf-8"?>
<Project ToolsVersion="4.0" xmlns="http://schemas.microsoft.com/developer/msbuild/2003">
  <ItemGroup>
    <Filter Include="Depend">
      <UniqueIdentifier>{93995380-89BD-4b04-88EB-625FBE52EBFB}</UniqueIdentifier>
      <Extensions>h;hh;hpp;hxx;hm;inl;inc;ipp;xsd</Extensions>
    </Filter>
    <Filter Include="SRC">
      <UniqueIdentifier>{67DA6AB6-F800-4c08-8B7A-83BB121AAD01}</UniqueIdentifier>
      <Extensions>rc;ico;cur;bmp;dlg;rc2;rct;bin;rgs;gif;jpg;jpeg;jpe;resx;tiff;tif;png;wav;mfcribbon-ms</Extensions>
    </Filter>
  </ItemGroup>
  <ItemGroup>
    <ClCompile Include="..\..\..\Developer\Modifier\ModifierExample.cpp">
      <Filter>SRC</Filter>
    </ClCompile>
    <ClCompile Include="..\..\..\Element\Modifier\Modifier.cpp">
      <Filter>Depend</Filter>
    </ClCompile>
    <ClCompile Include="..\..\..\Element\Element.cpp">
      <Filter>Depend</Filter>
    </ClCompile>
    <ClCompile Include="..\..\..\Domain\DomainBase.cpp">
      <Filter>Depend</Filter>
    </ClCompile>
    <ClCompile Include="..\..\..\Toolbox\debug.cpp">
      <Filter>Depend</Filter>
    </ClCompile>
    <ClCompile Include="..\..\..\Domain\Tag.cpp">
      <Filter>Depend</Filter>
    </ClCompile>
    <ClCompile Include="..\..\..\Element\Visualisation\vtkBase.cpp">
      <Filter>Depend</Filter>
    </ClCompile>
    <ClCompile Include="..\..\..\Domain\Node.cpp">
      <Filter>Depend</Filter>
    </ClCompile>
  </ItemGroup>
  <ItemGroup>
    <ClInclude Include="..\..\..\Developer\Modifier\ModifierExample.h">
      <Filter>SRC</Filter>
    </ClInclude>
  </ItemGroup>
</Project>